{
    "_meta": {
        "hash": {
            "sha256": "cfcfb521c297975cefd2c737c092ee05b2ea100cd4b1a45f286652dd4c578738"
        },
        "pipfile-spec": 6,
        "requires": {
            "python_version": "3.8"
        },
        "sources": [
            {
                "name": "pypi",
                "url": "https://pypi.org/simple",
                "verify_ssl": true
            }
        ]
    },
    "default": {
        "numpy": {
            "hashes": [
                "sha256:1a784e8ff7ea2a32e393cc53eb0003eca1597c7ca628227e34ce34eb11645a0e",
                "sha256:2ba579dde0563f47021dcd652253103d6fd66165b18011dce1a0609215b2791e",
                "sha256:3537b967b350ad17633b35c2f4b1a1bbd258c018910b518c30b48c8e41272717",
                "sha256:3c40e6b860220ed862e8097b8f81c9af6d7405b723f4a7af24a267b46f90e461",
                "sha256:598fe100b2948465cf3ed64b1a326424b5e4be2670552066e17dfaa67246011d",
                "sha256:620732f42259eb2c4642761bd324462a01cdd13dd111740ce3d344992dd8492f",
                "sha256:709884863def34d72b183d074d8ba5cfe042bc3ff8898f1ffad0209161caaa99",
                "sha256:75579acbadbf74e3afd1153da6177f846212ea2a0cc77de53523ae02c9256513",
                "sha256:7c55407f739f0bfcec67d0df49103f9333edc870061358ac8a8c9e37ea02fcd2",
                "sha256:a1f2fb2da242568af0271455b89aee0f71e4e032086ee2b4c5098945d0e11cf6",
                "sha256:a290989cd671cd0605e9c91a70e6df660f73ae87484218e8285c6522d29f6e38",
                "sha256:ac4fd578322842dbda8d968e3962e9f22e862b6ec6e3378e7415625915e2da4d",
                "sha256:ad09f55cc95ed8d80d8ab2052f78cc21cb231764de73e229140d81ff49d8145e",
                "sha256:b9205711e5440954f861ceeea8f1b415d7dd15214add2e878b4d1cf2bcb1a914",
                "sha256:bba474a87496d96e61461f7306fba2ebba127bed7836212c360f144d1e72ac54",
                "sha256:bebab3eaf0641bba26039fb0b2c5bf9b99407924b53b1ea86e03c32c64ef5aef",
                "sha256:cc367c86eb87e5b7c9592935620f22d13b090c609f1b27e49600cd033b529f54",
                "sha256:ccc6c650f8700ce1e3a77668bb7c43e45c20ac06ae00d22bdf6760b38958c883",
                "sha256:cf680682ad0a3bef56dae200dbcbac2d57294a73e5b0f9864955e7dd7c2c2491",
                "sha256:d2910d0a075caed95de1a605df00ee03b599de5419d0b95d55342e9a33ad1fb3",
                "sha256:d5caa946a9f55511e76446e170bdad1d12d6b54e17a2afe7b189112ed4412bb8",
                "sha256:d89b0dc7f005090e32bb4f9bf796e1dcca6b52243caf1803fdd2b748d8561f63",
                "sha256:d95d16204cd51ff1a1c8d5f9958ce90ae190be81d348b514f9be39f878b8044a",
                "sha256:e4d5a86a5257843a18fb1220c5f1c199532bc5d24e849ed4b0289fb59fbd4d8f",
                "sha256:e58ddb53a7b4959932f5582ac455ff90dcb05fac3f8dcc8079498d43afbbde6c",
                "sha256:e80fe25cba41c124d04c662f33f6364909b985f2eb5998aaa5ae4b9587242cce",
                "sha256:eda2829af498946c59d8585a9fd74da3f810866e05f8df03a86f70079c7531dd",
                "sha256:fd0a359c1c17f00cb37de2969984a74320970e0ceef4808c32e00773b06649d9"
            ],
            "index": "pypi",
            "version": "==1.21.0"
        },
        "pandas": {
            "hashes": [
                "sha256:0d8d7433d19bfa33f11c92ad9997f15a902bda4f5ad3a4814a21d2e910894484",
                "sha256:1642fc6138b4e45d57a12c1b464a01a6d868c0148996af23f72dde8d12486bbc",
                "sha256:171cef540bfcec52257077816a4dbbac152acdb8236ba11d3196ae02bf0959d8",
                "sha256:1b82ccc7b093e0a93f8dffd97a542646a3e026817140e2c01266aaef5fdde11b",
                "sha256:1d34b1f43d9e3f4aea056ba251f6e9b143055ebe101ed04c847b41bb0bb4a989",
                "sha256:207d63ac851e60ec57458814613ef4b3b6a5e9f0b33c57623ba2bf8126c311f8",
                "sha256:2504c032f221ef9e4a289f5e46a42b76f5e087ecb67d62e342ccbba95a32a488",
                "sha256:33a9d9e21ab2d91e2ab6e83598419ea6a664efd4c639606b299aae8097c1c94f",
                "sha256:3ee61b881d2f64dd90c356eb4a4a4de75376586cd3c9341c6c0fcaae18d52977",
                "sha256:41aec9f87455306496d4486df07c1b98c15569c714be2dd552a6124cd9fda88f",
                "sha256:4e30a31039574d96f3d683df34ccb50bb435426ad65793e42a613786901f6761",
                "sha256:5cc47f2ebaa20ef96ae72ee082f9e101b3dfbf74f0e62c7a12c0b075a683f03c",
                "sha256:62e61003411382e20d7c2aec1ee8d7c86c8b9cf46290993dd8a0a3be44daeb38",
                "sha256:73844e247a7b7dac2daa9df7339ecf1fcf1dfb8cbfd11e3ffe9819ae6c31c515",
                "sha256:85a516a7f6723ca1528f03f7851fa8d0360d1d6121cf15128b290cf79b8a7f6a",
                "sha256:86d87279ebc5bc20848b4ceb619073490037323f80f515e0ec891c80abad958a",
                "sha256:8a4fc04838615bf0a8d3a03ed68197f358054f0df61f390bcc64fbe39e3d71ec",
                "sha256:8e8e5edf97d8793f51d258c07c629bd49d271d536ce15d66ac00ceda5c150eb3",
                "sha256:947ed9f896ee61adbe61829a7ae1ade493c5a28c66366ec1de85c0642009faac",
                "sha256:a68a9b9754efff364b0c5ee5b0f18e15ca640c01afe605d12ba8b239ca304d6b",
                "sha256:c76f1d104844c5360c21d2ef0e1a8b2ccf8b8ebb40788475e255b9462e32b2be",
                "sha256:c7f38d91f21937fe2bec9449570d7bf36ad7136227ef43b321194ec249e2149d",
                "sha256:de34636e2dc04e8ac2136a8d3c2051fd56ebe9fd6cd185581259330649e73ca9",
                "sha256:e178ce2d7e3b934cf8d01dc2d48d04d67cb0abfaffdcc8aa6271fd5a436f39c8",
                "sha256:e252a9e49b233ff96e2815c67c29702ac3a062098d80a170c506dff3470fd060",
                "sha256:e9c5049333c5bebf993033f4bf807d163e30e8fada06e1da7fa9db86e2392009",
                "sha256:fc987f7717e53d372f586323fff441263204128a1ead053c1b98d7288f836ac9"
            ],
            "index": "pypi",
            "version": "==1.5.0"
        },
        "pyfhel": {
            "hashes": [
                "sha256:b930a40dc0e591f41943397d67f7d3835de2c077f82efab6f10ac3def6b1b5d5"
            ],
            "index": "pypi",
            "version": "==3.2.1"
        },
        "python-dateutil": {
            "hashes": [
                "sha256:0123cacc1627ae19ddf3c27a5de5bd67ee4586fbdd6440d9748f8abb483d3e86",
                "sha256:961d03dc3453ebbc59dbdea9e4e11c5651520a876d0f4db161e8674aae935da9"
            ],
            "markers": "python_version >= '2.7' and python_version not in '3.0, 3.1, 3.2'",
            "version": "==2.8.2"
        },
        "pytz": {
            "hashes": [
                "sha256:2c0784747071402c6e99f0bafdb7da0fa22645f06554c7ae06bf6358897e9c91",
                "sha256:48ce799d83b6f8aab2020e369b627446696619e79645419610b9facd909b3174"
            ],
            "version": "==2022.4"
        },
        "six": {
            "hashes": [
                "sha256:1e61c37477a1626458e36f7b1d82aa5c9b094fa4802892072e49de9c60c4c926",
                "sha256:8abb2f1d86890a2dfb989f9a77cfcfd3e47c2a354b01111771326f8aa26e0254"
            ],
            "markers": "python_version >= '2.7' and python_version not in '3.0, 3.1, 3.2'",
            "version": "==1.16.0"
        },
        "tenseal": {
            "hashes": [
                "sha256:0a00bce4bf78507c18644471215cf246ba22c3fbc56256c5bd0e2b6ad1602ddc",
                "sha256:0d6afe06b6b1fc76534bbe9273701622d9fbcaf40ae71fe195bb46f66f340cf9",
                "sha256:4d2d756245803689d313139884f56894a231ae6d607d96fa1ad18350470b4f85",
                "sha256:4f961c5e45792336ae666875b68be39c5fd92b889da328ad74df3daa5d8a97de",
                "sha256:75c32bd151df6d6ab3356615cab2333e50248b5d3a448b29f26a0c6ffd67b0cb",
                "sha256:9246515e535c9d2de7d8d75e7f8e0ded2d8daf93d7d473f9c89cc45ae76d491b",
                "sha256:c4dc7a7d750065e61e4992d9f8729a705401cc7ee0c40de20dae2b9883eb2700",
                "sha256:d3a59f6fd1835d4d84000a97b56ce51794bab6a10b14c0fa7ecd971ef74fec86",
                "sha256:d4c2d9763ed5c879f7407aa3b9909c3510f1f48151f40ab2d27d3b60addb4dc7",
                "sha256:e1b8badbd7a9a68897d8bb24732651ed7661f31de6a69a5c3027bb1b81d0e872",
                "sha256:ef480d79d929bb14e5c69199d43e76f2afa2e9bd16cf0d67cb1b65aa5374ab4c",
                "sha256:f957ce1cae8014d9b8f915b38d9331152fe144bbf82dce7d034400f5d65a464d"
            ],
            "index": "pypi",
            "version": "==0.3.12"
        }
    },
    "develop": {}
}
